version = 1
revision = 3
requires-python = ">=3.8"

[[package]]
name = "kurigram"
version = "2.2.12"
source = { registry = "https://pypi.org/simple" }
dependencies = [
    { name = "pyaes" },
    { name = "pysocks" },
]
sdist = { url = "https://files.pythonhosted.org/packages/21/dc/da266f27a96d67725861dbf6d44c856adbd07f7cacb95a36e85df2e9cd22/kurigram-2.2.12.tar.gz", hash = "sha256:0c40b8881bda9f4a5ceed5d8fdf97811eecf0e76ea34e529d8181925450a4335", size = 523275, upload-time = "2025-09-19T20:00:16.921Z" }
wheels = [
    { url = "https://files.pythonhosted.org/packages/f2/9c/e325ab31c48f463b55d683a73e0345fa30dbc3a8dfc58130395655e07225/kurigram-2.2.12-py3-none-any.whl", hash = "sha256:f9dcedff87160cf48a911ee9b92b2e956b700c306e2bc10f008684962aed5eac", size = 5091137, upload-time = "2025-09-19T20:00:15.506Z" },
]

[[package]]
name = "pyaes"
version = "1.6.1"
source = { registry = "https://pypi.org/simple" }
sdist = { url = "https://files.pythonhosted.org/packages/44/66/2c17bae31c906613795711fc78045c285048168919ace2220daa372c7d72/pyaes-1.6.1.tar.gz", hash = "sha256:02c1b1405c38d3c370b085fb952dd8bea3fadcee6411ad99f312cc129c536d8f", size = 28536, upload-time = "2017-09-20T21:17:54.23Z" }

[[package]]
name = "pyromod"
version = "3.6"
source = { editable = "." }
dependencies = [
    { name = "kurigram" },
]

[package.metadata]
requires-dist = [{ name = "kurigram", specifier = ">=2.2.12" }]

[[package]]
name = "pysocks"
version = "1.7.1"
source = { registry = "https://pypi.org/simple" }
sdist = { url = "https://files.pythonhosted.org/packages/bd/11/293dd436aea955d45fc4e8a35b6ae7270f5b8e00b53cf6c024c83b657a11/PySocks-1.7.1.tar.gz", hash = "sha256:3f8804571ebe159c380ac6de37643bb4685970655d3bba243530d6558b799aa0", size = 284429, upload-time = "2019-09-20T02:07:35.714Z" }
wheels = [
    { url = "https://files.pythonhosted.org/packages/8d/59/b4572118e098ac8e46e399a1dd0f2d85403ce8bbaad9ec79373ed6badaf9/PySocks-1.7.1-py3-none-any.whl", hash = "sha256:2725bd0a9925919b9b51739eea5f9e2bae91e83288108a9ad338b2e3a4435ee5", size = 16725, upload-time = "2019-09-20T02:06:22.938Z" },
]
